
Microsoft Visual Studio Solution File, Format Version 12.00
# Visual Studio Version 17
VisualStudioVersion = 17.14.36401.2
MinimumVisualStudioVersion = 10.0.40219.1
Project("{FAE04EC0-301F-11D3-BF4B-00C04F79EFBC}") = "Examination", "Examination.csproj", "{0966730A-7A28-402E-B937-E55EA0910C68}"
EndProject
Project("{FAE04EC0-301F-11D3-BF4B-00C04F79EFBC}") = "Saki.Framework.AppBase", "..\Saki.AppBase\Saki.Framework.AppBase.csproj", "{022B9B88-F2B6-EC18-44DB-CDD5B5E4BEE5}"
EndProject
Project("{FAE04EC0-301F-11D3-BF4B-00C04F79EFBC}") = "Saki.Framework.DBAbstractions", "..\Saki.DBAbstractions\Saki.Framework.DBAbstractions.csproj", "{B7257782-877C-9170-3BB2-0CB735ECA045}"
EndProject
Project("{FAE04EC0-301F-11D3-BF4B-00C04F79EFBC}") = "Saki.Framework.IDbBase", "..\Saki.DbBase\Saki.Framework.IDbBase.csproj", "{A23E59BA-CB5B-3147-2964-D6848F9C44C1}"
EndProject
Project("{FAE04EC0-301F-11D3-BF4B-00C04F79EFBC}") = "Saki.DbContextLocator", "..\Saki.DbContextLocator\Saki.DbContextLocator.csproj", "{0A10B1EC-C977-773D-8940-1EE88F68ABEC}"
EndProject
Project("{FAE04EC0-301F-11D3-BF4B-00C04F79EFBC}") = "Saki.SqliteDapper", "..\Saki.SqlLiteDapperClient\Saki.SqliteDapper.csproj", "{5EB532C2-A3F3-93B9-F1FC-F35F595370F0}"
EndProject
Project("{FAE04EC0-301F-11D3-BF4B-00C04F79EFBC}") = "Saki.SqlServerDapper", "..\Saki.SqlServerDapperClient\Saki.SqlServerDapper.csproj", "{A90F44AA-9F2A-A148-0AFD-AD655637FAC8}"
EndProject
Project("{2150E333-8FDC-42A3-9474-1A3956D46DE8}") = "Framwork", "Framwork", "{02EA681E-C7D8-13C7-8484-4AC65E1B71E8}"
EndProject
Project("{2150E333-8FDC-42A3-9474-1A3956D46DE8}") = "Orm", "Orm", "{642C3C5B-EC4C-4136-95BC-A3FE37242DFB}"
EndProject
Project("{2150E333-8FDC-42A3-9474-1A3956D46DE8}") = "Module", "Module", "{878A7EC4-6E17-4A06-8571-1351FFE2E606}"
EndProject
Project("{2150E333-8FDC-42A3-9474-1A3956D46DE8}") = "Exam", "Exam", "{4CF282E0-850C-4301-A5EC-6F15D8969EB9}"
EndProject
Project("{FAE04EC0-301F-11D3-BF4B-00C04F79EFBC}") = "LT.Framework.Exam.Application", "..\LT.Framework.Exam.Application\LT.Framework.Exam.Application.csproj", "{24FBD58E-92DB-4943-8DC6-1F7406D9BCD5}"
EndProject
Project("{FAE04EC0-301F-11D3-BF4B-00C04F79EFBC}") = "LT.Framework.Exam.Application.Contract", "..\LT.Framework.Exam.Application.Contract\LT.Framework.Exam.Application.Contract.csproj", "{6F1D4089-47E7-44F1-80D2-DEE707AAD4D1}"
EndProject
Project("{FAE04EC0-301F-11D3-BF4B-00C04F79EFBC}") = "LT.Framework.Exam.Domain", "..\LT.Framework.Exam.Dimain\LT.Framework.Exam.Domain.csproj", "{53AEBDAF-816D-428A-8B1F-5CFCD50565F4}"
EndProject
Project("{FAE04EC0-301F-11D3-BF4B-00C04F79EFBC}") = "LT.Framework.Exam.Domain.Shared", "..\LT.Framework.Exam.Domain.Shared\LT.Framework.Exam.Domain.Shared.csproj", "{025B07C0-61D1-4318-9891-70D9C9B5CC93}"
EndProject
Project("{FAE04EC0-301F-11D3-BF4B-00C04F79EFBC}") = "LT.Framework.Exam.DbCore", "..\LT.Framework.Exam.DbCore\LT.Framework.Exam.DbCore.csproj", "{9322C9DA-9179-4D52-8FA0-2F828BAB1F52}"
EndProject
Project("{FAE04EC0-301F-11D3-BF4B-00C04F79EFBC}") = "Saki.Framework.Logger", "..\Saki.Logger\Saki.Framework.Logger.csproj", "{20AA283F-B350-AFAE-F8AF-FD13C5F03AB3}"
EndProject
Project("{2150E333-8FDC-42A3-9474-1A3956D46DE8}") = "Base", "Base", "{57C1BA63-80A9-4311-A565-65FE2BCEC6DE}"
EndProject
Project("{2150E333-8FDC-42A3-9474-1A3956D46DE8}") = "IDbBase", "IDbBase", "{22516FF8-EF70-4E5F-8863-FF3C2EA67353}"
EndProject
Project("{FAE04EC0-301F-11D3-BF4B-00C04F79EFBC}") = "Saki.SqliteEF", "..\Saki.SqlLiteEFClient\Saki.SqliteEF.csproj", "{1597AD26-0CB8-CB3E-85FE-0981811F5C97}"
EndProject
Project("{FAE04EC0-301F-11D3-BF4B-00C04F79EFBC}") = "Saki.SqlServerEF", "..\Saki.SqlServerEFClient\Saki.SqlServerEF.csproj", "{71BF7F46-91F8-754C-E742-1C2BF0706CAA}"
EndProject
Project("{FAE04EC0-301F-11D3-BF4B-00C04F79EFBC}") = "Saki.Framework.AutoFac", "..\Saki.AutoFac\Saki.Framework.AutoFac.csproj", "{4D2F81FB-79F7-28A0-A755-AD67B6032529}"
EndProject
Project("{FAE04EC0-301F-11D3-BF4B-00C04F79EFBC}") = "Saki.Framework.DynamicWebApi", "..\Saki.DynamicWebApi\Saki.Framework.DynamicWebApi.csproj", "{997B40C3-98D1-5B8D-9E01-D007890E13C9}"
EndProject
Project("{FAE04EC0-301F-11D3-BF4B-00C04F79EFBC}") = "Saki.Framework.IBaseRepository", "..\Saki.IBaseRepository\Saki.Framework.IBaseRepository.csproj", "{DE8AB043-9623-47D8-A83E-A4FB910FD02B}"
EndProject
Project("{FAE04EC0-301F-11D3-BF4B-00C04F79EFBC}") = "Saki.SqlSugar", "..\Saki.SqlSugar\Saki.SqlSugar.csproj", "{19B37D3B-9EDC-4331-8058-5AEF2BCCBFB3}"
EndProject
Project("{FAE04EC0-301F-11D3-BF4B-00C04F79EFBC}") = "Saki.Framework.MiniProfiler", "..\Saki.MiniProfiler\Saki.Framework.MiniProfiler.csproj", "{61DC23FF-4D0B-E29D-EE86-A52F233FCC6B}"
EndProject
Project("{FAE04EC0-301F-11D3-BF4B-00C04F79EFBC}") = "Saki.Framework.BaseRepository", "..\Saki.BaseRepository\Saki.Framework.BaseRepository.csproj", "{A8139345-18B8-4644-954E-DDD1B97408B6}"
EndProject
Project("{FAE04EC0-301F-11D3-BF4B-00C04F79EFBC}") = "Saki.Framework.Mapster", "..\Saki.Framework.Mapster\Saki.Framework.Mapster.csproj", "{A8554E1D-EA13-4B0F-A6B7-3F6395376558}"
EndProject
Project("{2150E333-8FDC-42A3-9474-1A3956D46DE8}") = "Base", "Base", "{620C9D68-46BB-4F78-9AE2-B46BA9D42080}"
EndProject
Project("{FAE04EC0-301F-11D3-BF4B-00C04F79EFBC}") = "LT.Framework.Domain", "..\LT.Framework.System.Domain\LT.Framework.Domain.csproj", "{F871CB91-88E9-441E-87AB-8D8DEE0A13EF}"
EndProject
Project("{FAE04EC0-301F-11D3-BF4B-00C04F79EFBC}") = "LT.Framework.Application", "..\LT.Framework.System.Application\LT.Framework.Application.csproj", "{10DAED83-43F8-49C1-B067-C0B1AB4D6267}"
EndProject
Project("{FAE04EC0-301F-11D3-BF4B-00C04F79EFBC}") = "LT.Framework.Contract", "..\LT.Framework.Exam.System.Contract\LT.Framework.Contract.csproj", "{A62FB99D-0353-45EE-8D33-C6151E718C14}"
EndProject
Project("{FAE04EC0-301F-11D3-BF4B-00C04F79EFBC}") = "LT.Framework.DbCore", "..\LT.Framework.System.DbCore\LT.Framework.DbCore.csproj", "{4148498C-2E6B-494D-A801-B9D847E7ACCE}"
EndProject
Project("{FAE04EC0-301F-11D3-BF4B-00C04F79EFBC}") = "LT.Framework.Domain.Shared", "..\LT.Framework.System.Domain.Shared\LT.Framework.Domain.Shared.csproj", "{3F7F3AEB-4C12-44A6-84FA-BCAD392BE604}"
EndProject
Global
	GlobalSection(SolutionConfigurationPlatforms) = preSolution
		Debug|Any CPU = Debug|Any CPU
		Release|Any CPU = Release|Any CPU
	EndGlobalSection
	GlobalSection(ProjectConfigurationPlatforms) = postSolution
		{0966730A-7A28-402E-B937-E55EA0910C68}.Debug|Any CPU.ActiveCfg = Debug|Any CPU
		{0966730A-7A28-402E-B937-E55EA0910C68}.Debug|Any CPU.Build.0 = Debug|Any CPU
		{0966730A-7A28-402E-B937-E55EA0910C68}.Release|Any CPU.ActiveCfg = Release|Any CPU
		{0966730A-7A28-402E-B937-E55EA0910C68}.Release|Any CPU.Build.0 = Release|Any CPU
		{022B9B88-F2B6-EC18-44DB-CDD5B5E4BEE5}.Debug|Any CPU.ActiveCfg = Debug|Any CPU
		{022B9B88-F2B6-EC18-44DB-CDD5B5E4BEE5}.Debug|Any CPU.Build.0 = Debug|Any CPU
		{022B9B88-F2B6-EC18-44DB-CDD5B5E4BEE5}.Release|Any CPU.ActiveCfg = Release|Any CPU
		{022B9B88-F2B6-EC18-44DB-CDD5B5E4BEE5}.Release|Any CPU.Build.0 = Release|Any CPU
		{B7257782-877C-9170-3BB2-0CB735ECA045}.Debug|Any CPU.ActiveCfg = Debug|Any CPU
		{B7257782-877C-9170-3BB2-0CB735ECA045}.Debug|Any CPU.Build.0 = Debug|Any CPU
		{B7257782-877C-9170-3BB2-0CB735ECA045}.Release|Any CPU.ActiveCfg = Release|Any CPU
		{B7257782-877C-9170-3BB2-0CB735ECA045}.Release|Any CPU.Build.0 = Release|Any CPU
		{A23E59BA-CB5B-3147-2964-D6848F9C44C1}.Debug|Any CPU.ActiveCfg = Debug|Any CPU
		{A23E59BA-CB5B-3147-2964-D6848F9C44C1}.Debug|Any CPU.Build.0 = Debug|Any CPU
		{A23E59BA-CB5B-3147-2964-D6848F9C44C1}.Release|Any CPU.ActiveCfg = Release|Any CPU
		{A23E59BA-CB5B-3147-2964-D6848F9C44C1}.Release|Any CPU.Build.0 = Release|Any CPU
		{0A10B1EC-C977-773D-8940-1EE88F68ABEC}.Debug|Any CPU.ActiveCfg = Debug|Any CPU
		{0A10B1EC-C977-773D-8940-1EE88F68ABEC}.Debug|Any CPU.Build.0 = Debug|Any CPU
		{0A10B1EC-C977-773D-8940-1EE88F68ABEC}.Release|Any CPU.ActiveCfg = Release|Any CPU
		{0A10B1EC-C977-773D-8940-1EE88F68ABEC}.Release|Any CPU.Build.0 = Release|Any CPU
		{5EB532C2-A3F3-93B9-F1FC-F35F595370F0}.Debug|Any CPU.ActiveCfg = Debug|Any CPU
		{5EB532C2-A3F3-93B9-F1FC-F35F595370F0}.Debug|Any CPU.Build.0 = Debug|Any CPU
		{5EB532C2-A3F3-93B9-F1FC-F35F595370F0}.Release|Any CPU.ActiveCfg = Release|Any CPU
		{5EB532C2-A3F3-93B9-F1FC-F35F595370F0}.Release|Any CPU.Build.0 = Release|Any CPU
		{A90F44AA-9F2A-A148-0AFD-AD655637FAC8}.Debug|Any CPU.ActiveCfg = Debug|Any CPU
		{A90F44AA-9F2A-A148-0AFD-AD655637FAC8}.Debug|Any CPU.Build.0 = Debug|Any CPU
		{A90F44AA-9F2A-A148-0AFD-AD655637FAC8}.Release|Any CPU.ActiveCfg = Release|Any CPU
		{A90F44AA-9F2A-A148-0AFD-AD655637FAC8}.Release|Any CPU.Build.0 = Release|Any CPU
		{24FBD58E-92DB-4943-8DC6-1F7406D9BCD5}.Debug|Any CPU.ActiveCfg = Debug|Any CPU
		{24FBD58E-92DB-4943-8DC6-1F7406D9BCD5}.Debug|Any CPU.Build.0 = Debug|Any CPU
		{24FBD58E-92DB-4943-8DC6-1F7406D9BCD5}.Release|Any CPU.ActiveCfg = Release|Any CPU
		{24FBD58E-92DB-4943-8DC6-1F7406D9BCD5}.Release|Any CPU.Build.0 = Release|Any CPU
		{6F1D4089-47E7-44F1-80D2-DEE707AAD4D1}.Debug|Any CPU.ActiveCfg = Debug|Any CPU
		{6F1D4089-47E7-44F1-80D2-DEE707AAD4D1}.Debug|Any CPU.Build.0 = Debug|Any CPU
		{6F1D4089-47E7-44F1-80D2-DEE707AAD4D1}.Release|Any CPU.ActiveCfg = Release|Any CPU
		{6F1D4089-47E7-44F1-80D2-DEE707AAD4D1}.Release|Any CPU.Build.0 = Release|Any CPU
		{53AEBDAF-816D-428A-8B1F-5CFCD50565F4}.Debug|Any CPU.ActiveCfg = Debug|Any CPU
		{53AEBDAF-816D-428A-8B1F-5CFCD50565F4}.Debug|Any CPU.Build.0 = Debug|Any CPU
		{53AEBDAF-816D-428A-8B1F-5CFCD50565F4}.Release|Any CPU.ActiveCfg = Release|Any CPU
		{53AEBDAF-816D-428A-8B1F-5CFCD50565F4}.Release|Any CPU.Build.0 = Release|Any CPU
		{025B07C0-61D1-4318-9891-70D9C9B5CC93}.Debug|Any CPU.ActiveCfg = Debug|Any CPU
		{025B07C0-61D1-4318-9891-70D9C9B5CC93}.Debug|Any CPU.Build.0 = Debug|Any CPU
		{025B07C0-61D1-4318-9891-70D9C9B5CC93}.Release|Any CPU.ActiveCfg = Release|Any CPU
		{025B07C0-61D1-4318-9891-70D9C9B5CC93}.Release|Any CPU.Build.0 = Release|Any CPU
		{9322C9DA-9179-4D52-8FA0-2F828BAB1F52}.Debug|Any CPU.ActiveCfg = Debug|Any CPU
		{9322C9DA-9179-4D52-8FA0-2F828BAB1F52}.Debug|Any CPU.Build.0 = Debug|Any CPU
		{9322C9DA-9179-4D52-8FA0-2F828BAB1F52}.Release|Any CPU.ActiveCfg = Release|Any CPU
		{9322C9DA-9179-4D52-8FA0-2F828BAB1F52}.Release|Any CPU.Build.0 = Release|Any CPU
		{20AA283F-B350-AFAE-F8AF-FD13C5F03AB3}.Debug|Any CPU.ActiveCfg = Debug|Any CPU
		{20AA283F-B350-AFAE-F8AF-FD13C5F03AB3}.Debug|Any CPU.Build.0 = Debug|Any CPU
		{20AA283F-B350-AFAE-F8AF-FD13C5F03AB3}.Release|Any CPU.ActiveCfg = Release|Any CPU
		{20AA283F-B350-AFAE-F8AF-FD13C5F03AB3}.Release|Any CPU.Build.0 = Release|Any CPU
		{1597AD26-0CB8-CB3E-85FE-0981811F5C97}.Debug|Any CPU.ActiveCfg = Debug|Any CPU
		{1597AD26-0CB8-CB3E-85FE-0981811F5C97}.Debug|Any CPU.Build.0 = Debug|Any CPU
		{1597AD26-0CB8-CB3E-85FE-0981811F5C97}.Release|Any CPU.ActiveCfg = Release|Any CPU
		{1597AD26-0CB8-CB3E-85FE-0981811F5C97}.Release|Any CPU.Build.0 = Release|Any CPU
		{71BF7F46-91F8-754C-E742-1C2BF0706CAA}.Debug|Any CPU.ActiveCfg = Debug|Any CPU
		{71BF7F46-91F8-754C-E742-1C2BF0706CAA}.Debug|Any CPU.Build.0 = Debug|Any CPU
		{71BF7F46-91F8-754C-E742-1C2BF0706CAA}.Release|Any CPU.ActiveCfg = Release|Any CPU
		{71BF7F46-91F8-754C-E742-1C2BF0706CAA}.Release|Any CPU.Build.0 = Release|Any CPU
		{4D2F81FB-79F7-28A0-A755-AD67B6032529}.Debug|Any CPU.ActiveCfg = Debug|Any CPU
		{4D2F81FB-79F7-28A0-A755-AD67B6032529}.Debug|Any CPU.Build.0 = Debug|Any CPU
		{4D2F81FB-79F7-28A0-A755-AD67B6032529}.Release|Any CPU.ActiveCfg = Release|Any CPU
		{4D2F81FB-79F7-28A0-A755-AD67B6032529}.Release|Any CPU.Build.0 = Release|Any CPU
		{997B40C3-98D1-5B8D-9E01-D007890E13C9}.Debug|Any CPU.ActiveCfg = Debug|Any CPU
		{997B40C3-98D1-5B8D-9E01-D007890E13C9}.Debug|Any CPU.Build.0 = Debug|Any CPU
		{997B40C3-98D1-5B8D-9E01-D007890E13C9}.Release|Any CPU.ActiveCfg = Release|Any CPU
		{997B40C3-98D1-5B8D-9E01-D007890E13C9}.Release|Any CPU.Build.0 = Release|Any CPU
		{DE8AB043-9623-47D8-A83E-A4FB910FD02B}.Debug|Any CPU.ActiveCfg = Debug|Any CPU
		{DE8AB043-9623-47D8-A83E-A4FB910FD02B}.Debug|Any CPU.Build.0 = Debug|Any CPU
		{DE8AB043-9623-47D8-A83E-A4FB910FD02B}.Release|Any CPU.ActiveCfg = Release|Any CPU
		{DE8AB043-9623-47D8-A83E-A4FB910FD02B}.Release|Any CPU.Build.0 = Release|Any CPU
		{19B37D3B-9EDC-4331-8058-5AEF2BCCBFB3}.Debug|Any CPU.ActiveCfg = Debug|Any CPU
		{19B37D3B-9EDC-4331-8058-5AEF2BCCBFB3}.Debug|Any CPU.Build.0 = Debug|Any CPU
		{19B37D3B-9EDC-4331-8058-5AEF2BCCBFB3}.Release|Any CPU.ActiveCfg = Release|Any CPU
		{19B37D3B-9EDC-4331-8058-5AEF2BCCBFB3}.Release|Any CPU.Build.0 = Release|Any CPU
		{61DC23FF-4D0B-E29D-EE86-A52F233FCC6B}.Debug|Any CPU.ActiveCfg = Debug|Any CPU
		{61DC23FF-4D0B-E29D-EE86-A52F233FCC6B}.Debug|Any CPU.Build.0 = Debug|Any CPU
		{61DC23FF-4D0B-E29D-EE86-A52F233FCC6B}.Release|Any CPU.ActiveCfg = Release|Any CPU
		{61DC23FF-4D0B-E29D-EE86-A52F233FCC6B}.Release|Any CPU.Build.0 = Release|Any CPU
		{A8139345-18B8-4644-954E-DDD1B97408B6}.Debug|Any CPU.ActiveCfg = Debug|Any CPU
		{A8139345-18B8-4644-954E-DDD1B97408B6}.Debug|Any CPU.Build.0 = Debug|Any CPU
		{A8139345-18B8-4644-954E-DDD1B97408B6}.Release|Any CPU.ActiveCfg = Release|Any CPU
		{A8139345-18B8-4644-954E-DDD1B97408B6}.Release|Any CPU.Build.0 = Release|Any CPU
		{A8554E1D-EA13-4B0F-A6B7-3F6395376558}.Debug|Any CPU.ActiveCfg = Debug|Any CPU
		{A8554E1D-EA13-4B0F-A6B7-3F6395376558}.Debug|Any CPU.Build.0 = Debug|Any CPU
		{A8554E1D-EA13-4B0F-A6B7-3F6395376558}.Release|Any CPU.ActiveCfg = Release|Any CPU
		{A8554E1D-EA13-4B0F-A6B7-3F6395376558}.Release|Any CPU.Build.0 = Release|Any CPU
		{F871CB91-88E9-441E-87AB-8D8DEE0A13EF}.Debug|Any CPU.ActiveCfg = Debug|Any CPU
		{F871CB91-88E9-441E-87AB-8D8DEE0A13EF}.Debug|Any CPU.Build.0 = Debug|Any CPU
		{F871CB91-88E9-441E-87AB-8D8DEE0A13EF}.Release|Any CPU.ActiveCfg = Release|Any CPU
		{F871CB91-88E9-441E-87AB-8D8DEE0A13EF}.Release|Any CPU.Build.0 = Release|Any CPU
		{10DAED83-43F8-49C1-B067-C0B1AB4D6267}.Debug|Any CPU.ActiveCfg = Debug|Any CPU
		{10DAED83-43F8-49C1-B067-C0B1AB4D6267}.Debug|Any CPU.Build.0 = Debug|Any CPU
		{10DAED83-43F8-49C1-B067-C0B1AB4D6267}.Release|Any CPU.ActiveCfg = Release|Any CPU
		{10DAED83-43F8-49C1-B067-C0B1AB4D6267}.Release|Any CPU.Build.0 = Release|Any CPU
		{A62FB99D-0353-45EE-8D33-C6151E718C14}.Debug|Any CPU.ActiveCfg = Debug|Any CPU
		{A62FB99D-0353-45EE-8D33-C6151E718C14}.Debug|Any CPU.Build.0 = Debug|Any CPU
		{A62FB99D-0353-45EE-8D33-C6151E718C14}.Release|Any CPU.ActiveCfg = Release|Any CPU
		{A62FB99D-0353-45EE-8D33-C6151E718C14}.Release|Any CPU.Build.0 = Release|Any CPU
		{4148498C-2E6B-494D-A801-B9D847E7ACCE}.Debug|Any CPU.ActiveCfg = Debug|Any CPU
		{4148498C-2E6B-494D-A801-B9D847E7ACCE}.Debug|Any CPU.Build.0 = Debug|Any CPU
		{4148498C-2E6B-494D-A801-B9D847E7ACCE}.Release|Any CPU.ActiveCfg = Release|Any CPU
		{4148498C-2E6B-494D-A801-B9D847E7ACCE}.Release|Any CPU.Build.0 = Release|Any CPU
		{3F7F3AEB-4C12-44A6-84FA-BCAD392BE604}.Debug|Any CPU.ActiveCfg = Debug|Any CPU
		{3F7F3AEB-4C12-44A6-84FA-BCAD392BE604}.Debug|Any CPU.Build.0 = Debug|Any CPU
		{3F7F3AEB-4C12-44A6-84FA-BCAD392BE604}.Release|Any CPU.ActiveCfg = Release|Any CPU
		{3F7F3AEB-4C12-44A6-84FA-BCAD392BE604}.Release|Any CPU.Build.0 = Release|Any CPU
	EndGlobalSection
	GlobalSection(SolutionProperties) = preSolution
		HideSolutionNode = FALSE
	EndGlobalSection
	GlobalSection(NestedProjects) = preSolution
		{022B9B88-F2B6-EC18-44DB-CDD5B5E4BEE5} = {57C1BA63-80A9-4311-A565-65FE2BCEC6DE}
		{B7257782-877C-9170-3BB2-0CB735ECA045} = {22516FF8-EF70-4E5F-8863-FF3C2EA67353}
		{A23E59BA-CB5B-3147-2964-D6848F9C44C1} = {22516FF8-EF70-4E5F-8863-FF3C2EA67353}
		{0A10B1EC-C977-773D-8940-1EE88F68ABEC} = {642C3C5B-EC4C-4136-95BC-A3FE37242DFB}
		{5EB532C2-A3F3-93B9-F1FC-F35F595370F0} = {642C3C5B-EC4C-4136-95BC-A3FE37242DFB}
		{A90F44AA-9F2A-A148-0AFD-AD655637FAC8} = {642C3C5B-EC4C-4136-95BC-A3FE37242DFB}
		{642C3C5B-EC4C-4136-95BC-A3FE37242DFB} = {02EA681E-C7D8-13C7-8484-4AC65E1B71E8}
		{4CF282E0-850C-4301-A5EC-6F15D8969EB9} = {878A7EC4-6E17-4A06-8571-1351FFE2E606}
		{24FBD58E-92DB-4943-8DC6-1F7406D9BCD5} = {4CF282E0-850C-4301-A5EC-6F15D8969EB9}
		{6F1D4089-47E7-44F1-80D2-DEE707AAD4D1} = {4CF282E0-850C-4301-A5EC-6F15D8969EB9}
		{53AEBDAF-816D-428A-8B1F-5CFCD50565F4} = {4CF282E0-850C-4301-A5EC-6F15D8969EB9}
		{025B07C0-61D1-4318-9891-70D9C9B5CC93} = {4CF282E0-850C-4301-A5EC-6F15D8969EB9}
		{9322C9DA-9179-4D52-8FA0-2F828BAB1F52} = {4CF282E0-850C-4301-A5EC-6F15D8969EB9}
		{20AA283F-B350-AFAE-F8AF-FD13C5F03AB3} = {57C1BA63-80A9-4311-A565-65FE2BCEC6DE}
		{57C1BA63-80A9-4311-A565-65FE2BCEC6DE} = {02EA681E-C7D8-13C7-8484-4AC65E1B71E8}
		{22516FF8-EF70-4E5F-8863-FF3C2EA67353} = {02EA681E-C7D8-13C7-8484-4AC65E1B71E8}
		{1597AD26-0CB8-CB3E-85FE-0981811F5C97} = {642C3C5B-EC4C-4136-95BC-A3FE37242DFB}
		{71BF7F46-91F8-754C-E742-1C2BF0706CAA} = {642C3C5B-EC4C-4136-95BC-A3FE37242DFB}
		{4D2F81FB-79F7-28A0-A755-AD67B6032529} = {57C1BA63-80A9-4311-A565-65FE2BCEC6DE}
		{997B40C3-98D1-5B8D-9E01-D007890E13C9} = {57C1BA63-80A9-4311-A565-65FE2BCEC6DE}
		{DE8AB043-9623-47D8-A83E-A4FB910FD02B} = {22516FF8-EF70-4E5F-8863-FF3C2EA67353}
		{19B37D3B-9EDC-4331-8058-5AEF2BCCBFB3} = {642C3C5B-EC4C-4136-95BC-A3FE37242DFB}
		{61DC23FF-4D0B-E29D-EE86-A52F233FCC6B} = {57C1BA63-80A9-4311-A565-65FE2BCEC6DE}
		{A8139345-18B8-4644-954E-DDD1B97408B6} = {57C1BA63-80A9-4311-A565-65FE2BCEC6DE}
		{A8554E1D-EA13-4B0F-A6B7-3F6395376558} = {57C1BA63-80A9-4311-A565-65FE2BCEC6DE}
		{620C9D68-46BB-4F78-9AE2-B46BA9D42080} = {878A7EC4-6E17-4A06-8571-1351FFE2E606}
		{F871CB91-88E9-441E-87AB-8D8DEE0A13EF} = {620C9D68-46BB-4F78-9AE2-B46BA9D42080}
		{10DAED83-43F8-49C1-B067-C0B1AB4D6267} = {620C9D68-46BB-4F78-9AE2-B46BA9D42080}
		{A62FB99D-0353-45EE-8D33-C6151E718C14} = {620C9D68-46BB-4F78-9AE2-B46BA9D42080}
		{4148498C-2E6B-494D-A801-B9D847E7ACCE} = {620C9D68-46BB-4F78-9AE2-B46BA9D42080}
		{3F7F3AEB-4C12-44A6-84FA-BCAD392BE604} = {620C9D68-46BB-4F78-9AE2-B46BA9D42080}
	EndGlobalSection
	GlobalSection(ExtensibilityGlobals) = postSolution
		SolutionGuid = {78E271CD-7BF4-43D6-AED8-BA34D0E5B358}
	EndGlobalSection
EndGlobal
